
Microsoft Visual Studio Solution File, Format Version 12.00
# Visual Studio Version 17
VisualStudioVersion = 17.9.34607.119
MinimumVisualStudioVersion = 10.0.40219.1
Project("{FAE04EC0-301F-11D3-BF4B-00C04F79EFBC}") = "Labor1", "Labor1\Labor1.csproj", "{81258723-01A2-4899-914B-DCB9E05EAF13}"
EndProject
Global
	GlobalSection(SolutionConfigurationPlatforms) = preSolution
		Debug|Any CPU = Debug|Any CPU
		Release|Any CPU = Release|Any CPU
	EndGlobalSection
	GlobalSection(ProjectConfigurationPlatforms) = postSolution
		{81258723-01A2-4899-914B-DCB9E05EAF13}.Debug|Any CPU.ActiveCfg = Debug|Any CPU
		{81258723-01A2-4899-914B-DCB9E05EAF13}.Debug|Any CPU.Build.0 = Debug|Any CPU
		{81258723-01A2-4899-914B-DCB9E05EAF13}.Debug|Any CPU.Deploy.0 = Debug|Any CPU
		{81258723-01A2-4899-914B-DCB9E05EAF13}.Release|Any CPU.ActiveCfg = Release|Any CPU
		{81258723-01A2-4899-914B-DCB9E05EAF13}.Release|Any CPU.Build.0 = Release|Any CPU
		{81258723-01A2-4899-914B-DCB9E05EAF13}.Release|Any CPU.Deploy.0 = Release|Any CPU
	EndGlobalSection
	GlobalSection(SolutionProperties) = preSolution
		HideSolutionNode = FALSE
	EndGlobalSection
	GlobalSection(ExtensibilityGlobals) = postSolution
		SolutionGuid = {99D0CE77-F360-4FD1-8BAC-F81AFDB6A475}
	EndGlobalSection
EndGlobal
